<?xml version="1.0" encoding="utf-8"?>
<Project ToolsVersion="4.0" xmlns="http://schemas.microsoft.com/developer/msbuild/2003">
  <ItemGroup>
    <ClCompile Include="Component.cpp">
      <Filter>components</Filter>
    </ClCompile>
    <ClCompile Include="CubeComponent.cpp">
      <Filter>components</Filter>
    </ClCompile>
    <ClCompile Include="DrawComponent.cpp">
      <Filter>components</Filter>
    </ClCompile>
    <ClCompile Include="EnemyComponent.cpp">
      <Filter>components</Filter>
    </ClCompile>
    <ClCompile Include="GameObject.cpp">
      <Filter>components</Filter>
    </ClCompile>
    <ClCompile Include="MoveToComponent.cpp">
      <Filter>components</Filter>
    </ClCompile>
    <ClCompile Include="PlayerComponent.cpp">
      <Filter>components</Filter>
    </ClCompile>
    <ClCompile Include="SpinComponent.cpp">
      <Filter>components</Filter>
    </ClCompile>
    <ClCompile Include="TimerJumper.cpp">
      <Filter>components</Filter>
    </ClCompile>
    <ClCompile Include="tigl.cpp">
      <Filter>lib</Filter>
    </ClCompile>
    <ClCompile Include="ObjModel.cpp">
      <Filter>Source Files</Filter>
    </ClCompile>
    <ClCompile Include="Texture.cpp">
      <Filter>Source Files</Filter>
    </ClCompile>
    <ClCompile Include="main.cpp">
      <Filter>Source Files</Filter>
    </ClCompile>
    <ClCompile Include="FpsCam.cpp">
      <Filter>Source Files</Filter>
    </ClCompile>
  </ItemGroup>
  <ItemGroup>
    <ClInclude Include="Component.h">
      <Filter>components</Filter>
    </ClInclude>
    <ClInclude Include="CubeComponent.h">
      <Filter>components</Filter>
    </ClInclude>
    <ClInclude Include="DrawComponent.h">
      <Filter>components</Filter>
    </ClInclude>
    <ClInclude Include="EnemyComponent.h">
      <Filter>components</Filter>
    </ClInclude>
    <ClInclude Include="GameObject.h">
      <Filter>components</Filter>
    </ClInclude>
    <ClInclude Include="MoveToComponent.h">
      <Filter>components</Filter>
    </ClInclude>
    <ClInclude Include="PlayerComponent.h">
      <Filter>components</Filter>
    </ClInclude>
    <ClInclude Include="SpinComponent.h">
      <Filter>components</Filter>
    </ClInclude>
    <ClInclude Include="TimerJumper.h">
      <Filter>components</Filter>
    </ClInclude>
    <ClInclude Include="stb_image.h">
      <Filter>lib</Filter>
    </ClInclude>
    <ClInclude Include="tigl.h">
      <Filter>lib</Filter>
    </ClInclude>
    <ClInclude Include="Texture.h">
      <Filter>Header Files</Filter>
    </ClInclude>
    <ClInclude Include="ObjModel.h">
      <Filter>Header Files</Filter>
    </ClInclude>
    <ClInclude Include="FpsCam.h">
      <Filter>Header Files</Filter>
    </ClInclude>
  </ItemGroup>
  <ItemGroup>
    <Filter Include="components">
      <UniqueIdentifier>{4b5e6ba3-58a7-48f3-90a0-f7fb800c77db}</UniqueIdentifier>
    </Filter>
    <Filter Include="lib">
      <UniqueIdentifier>{40aaa25b-71e1-49d5-b89d-158a98b53766}</UniqueIdentifier>
    </Filter>
    <Filter Include="Source Files">
      <UniqueIdentifier>{46f17dd2-dcd4-45b1-8b3e-41076a2f97f9}</UniqueIdentifier>
    </Filter>
    <Filter Include="Header Files">
      <UniqueIdentifier>{eafbb5ac-9562-4dd8-8395-0f2cc205182b}</UniqueIdentifier>
    </Filter>
  </ItemGroup>
</Project>